
Microsoft Visual Studio Solution File, Format Version 12.00
# Visual Studio Version 17
VisualStudioVersion = 17.4.33213.308
MinimumVisualStudioVersion = 10.0.40219.1
Project("{FAE04EC0-301F-11D3-BF4B-00C04F79EFBC}") = "SystemProgramming-Threads-HW", "SystemProgramming-Threads-HW\SystemProgramming-Threads-HW.csproj", "{BAFBC3ED-B3A4-458D-8CE2-EE561E2D32D9}"
EndProject
Global
	GlobalSection(SolutionConfigurationPlatforms) = preSolution
		Debug|Any CPU = Debug|Any CPU
		Release|Any CPU = Release|Any CPU
	EndGlobalSection
	GlobalSection(ProjectConfigurationPlatforms) = postSolution
		{BAFBC3ED-B3A4-458D-8CE2-EE561E2D32D9}.Debug|Any CPU.ActiveCfg = Debug|Any CPU
		{BAFBC3ED-B3A4-458D-8CE2-EE561E2D32D9}.Debug|Any CPU.Build.0 = Debug|Any CPU
		{BAFBC3ED-B3A4-458D-8CE2-EE561E2D32D9}.Release|Any CPU.ActiveCfg = Release|Any CPU
		{BAFBC3ED-B3A4-458D-8CE2-EE561E2D32D9}.Release|Any CPU.Build.0 = Release|Any CPU
	EndGlobalSection
	GlobalSection(SolutionProperties) = preSolution
		HideSolutionNode = FALSE
	EndGlobalSection
	GlobalSection(ExtensibilityGlobals) = postSolution
		SolutionGuid = {2514933F-BA62-4C6A-8684-096E91258B3D}
	EndGlobalSection
EndGlobal
